
Microsoft Visual Studio Solution File, Format Version 12.00
# Visual Studio Version 17
VisualStudioVersion = 17.11.35219.272
MinimumVisualStudioVersion = 10.0.40219.1
Project("{2150E333-8FDC-42A3-9474-1A3956D46DE8}") = "Services", "Services", "{04E2A8C4-E96D-4138-AE6D-A65338D5EF87}"
EndProject
Project("{2150E333-8FDC-42A3-9474-1A3956D46DE8}") = "Catalog", "Catalog", "{C255F5A8-F1B0-4550-B8F2-BDD9ECB65399}"
EndProject
Project("{9A19103F-16F7-4668-BE54-9A1E7A4F7556}") = "Catalog.API", "Services\Catalog\Catalog.API\Catalog.API.csproj", "{385875F2-CB8D-4061-A54F-0923E4E98230}"
EndProject
Project("{2150E333-8FDC-42A3-9474-1A3956D46DE8}") = "BuildingBlocks", "BuildingBlocks", "{0B26D74C-9F96-4C01-BDD4-0808AF4B6C33}"
EndProject
Project("{9A19103F-16F7-4668-BE54-9A1E7A4F7556}") = "BuildingBlocks", "BuildingBlocks\BuildingBlocks\BuildingBlocks.csproj", "{D516F1E4-B4DC-407D-89B3-34142BDC0828}"
EndProject
Project("{E53339B2-1760-4266-BCC7-CA923CBCF16C}") = "docker-compose", "docker-compose.dcproj", "{BE0E2F9D-54CD-4062-B65E-8C32355F9CBE}"
EndProject
Project("{2150E333-8FDC-42A3-9474-1A3956D46DE8}") = "Basket", "Basket", "{D1097549-F8EC-4A02-84D4-0A9ACA9E4015}"
EndProject
Project("{9A19103F-16F7-4668-BE54-9A1E7A4F7556}") = "Basket.API", "Services\Basket\Basket.API\Basket.API.csproj", "{0130C3DC-1E81-45E7-823D-C8D450CF82F9}"
EndProject
Project("{2150E333-8FDC-42A3-9474-1A3956D46DE8}") = "Discount", "Discount", "{F11172F7-184C-4EAF-BF29-BF94D2CBE022}"
EndProject
Project("{9A19103F-16F7-4668-BE54-9A1E7A4F7556}") = "Discount.Grpc", "Services\Discount\Discount.Grpc\Discount.Grpc.csproj", "{2A2E3FCE-BC06-4CF0-B200-75EA1DCE50FF}"
EndProject
Project("{2150E333-8FDC-42A3-9474-1A3956D46DE8}") = "Ordering", "Ordering", "{0DA07791-74EB-446B-BECC-775135D331D1}"
EndProject
Project("{9A19103F-16F7-4668-BE54-9A1E7A4F7556}") = "Ordering.API", "Services\Ordering\Ordering.API\Ordering.API.csproj", "{36E7AA1B-9603-4968-8B35-41BB9A22D445}"
EndProject
Project("{9A19103F-16F7-4668-BE54-9A1E7A4F7556}") = "Ordering.Domain", "Services\Ordering\Ordering.Domain\Ordering.Domain.csproj", "{3661069E-0ADF-4D09-9466-75310B6EC548}"
EndProject
Project("{9A19103F-16F7-4668-BE54-9A1E7A4F7556}") = "Ordering.Infrastructure", "Services\Ordering\Ordering.Infrastructure\Ordering.Infrastructure.csproj", "{A6EB823D-4B64-46D9-AE8F-BB32AD96513B}"
EndProject
Project("{9A19103F-16F7-4668-BE54-9A1E7A4F7556}") = "Ordering.Application", "Services\Ordering\Ordering.Application\Ordering.Application.csproj", "{2D23E8BB-F461-4A6A-ACAF-13A6826763DB}"
EndProject
Project("{9A19103F-16F7-4668-BE54-9A1E7A4F7556}") = "BuildingBlocks.Messaging", "BuildingBlocks\BuildingBlocks.Messaging\BuildingBlocks.Messaging.csproj", "{115AFE92-5486-45CF-8C68-0D7CE5DFEB2A}"
EndProject
Project("{2150E333-8FDC-42A3-9474-1A3956D46DE8}") = "ApiGateways", "ApiGateways", "{39A4131E-F6D2-4DBA-A815-E10BEA4CB66D}"
EndProject
Project("{FAE04EC0-301F-11D3-BF4B-00C04F79EFBC}") = "YarpApiGateway", "ApiGateways\YarpApiGateway\YarpApiGateway.csproj", "{53F2C435-E84A-4C16-9F6E-2D72A990C2BF}"
EndProject
Global
	GlobalSection(SolutionConfigurationPlatforms) = preSolution
		Debug|Any CPU = Debug|Any CPU
		Release|Any CPU = Release|Any CPU
	EndGlobalSection
	GlobalSection(ProjectConfigurationPlatforms) = postSolution
		{385875F2-CB8D-4061-A54F-0923E4E98230}.Debug|Any CPU.ActiveCfg = Debug|Any CPU
		{385875F2-CB8D-4061-A54F-0923E4E98230}.Debug|Any CPU.Build.0 = Debug|Any CPU
		{385875F2-CB8D-4061-A54F-0923E4E98230}.Release|Any CPU.ActiveCfg = Release|Any CPU
		{385875F2-CB8D-4061-A54F-0923E4E98230}.Release|Any CPU.Build.0 = Release|Any CPU
		{D516F1E4-B4DC-407D-89B3-34142BDC0828}.Debug|Any CPU.ActiveCfg = Debug|Any CPU
		{D516F1E4-B4DC-407D-89B3-34142BDC0828}.Debug|Any CPU.Build.0 = Debug|Any CPU
		{D516F1E4-B4DC-407D-89B3-34142BDC0828}.Release|Any CPU.ActiveCfg = Release|Any CPU
		{D516F1E4-B4DC-407D-89B3-34142BDC0828}.Release|Any CPU.Build.0 = Release|Any CPU
		{BE0E2F9D-54CD-4062-B65E-8C32355F9CBE}.Debug|Any CPU.ActiveCfg = Debug|Any CPU
		{BE0E2F9D-54CD-4062-B65E-8C32355F9CBE}.Debug|Any CPU.Build.0 = Debug|Any CPU
		{BE0E2F9D-54CD-4062-B65E-8C32355F9CBE}.Release|Any CPU.ActiveCfg = Release|Any CPU
		{BE0E2F9D-54CD-4062-B65E-8C32355F9CBE}.Release|Any CPU.Build.0 = Release|Any CPU
		{0130C3DC-1E81-45E7-823D-C8D450CF82F9}.Debug|Any CPU.ActiveCfg = Debug|Any CPU
		{0130C3DC-1E81-45E7-823D-C8D450CF82F9}.Debug|Any CPU.Build.0 = Debug|Any CPU
		{0130C3DC-1E81-45E7-823D-C8D450CF82F9}.Release|Any CPU.ActiveCfg = Release|Any CPU
		{0130C3DC-1E81-45E7-823D-C8D450CF82F9}.Release|Any CPU.Build.0 = Release|Any CPU
		{2A2E3FCE-BC06-4CF0-B200-75EA1DCE50FF}.Debug|Any CPU.ActiveCfg = Debug|Any CPU
		{2A2E3FCE-BC06-4CF0-B200-75EA1DCE50FF}.Debug|Any CPU.Build.0 = Debug|Any CPU
		{2A2E3FCE-BC06-4CF0-B200-75EA1DCE50FF}.Release|Any CPU.ActiveCfg = Release|Any CPU
		{2A2E3FCE-BC06-4CF0-B200-75EA1DCE50FF}.Release|Any CPU.Build.0 = Release|Any CPU
		{36E7AA1B-9603-4968-8B35-41BB9A22D445}.Debug|Any CPU.ActiveCfg = Debug|Any CPU
		{36E7AA1B-9603-4968-8B35-41BB9A22D445}.Debug|Any CPU.Build.0 = Debug|Any CPU
		{36E7AA1B-9603-4968-8B35-41BB9A22D445}.Release|Any CPU.ActiveCfg = Release|Any CPU
		{36E7AA1B-9603-4968-8B35-41BB9A22D445}.Release|Any CPU.Build.0 = Release|Any CPU
		{3661069E-0ADF-4D09-9466-75310B6EC548}.Debug|Any CPU.ActiveCfg = Debug|Any CPU
		{3661069E-0ADF-4D09-9466-75310B6EC548}.Debug|Any CPU.Build.0 = Debug|Any CPU
		{3661069E-0ADF-4D09-9466-75310B6EC548}.Release|Any CPU.ActiveCfg = Release|Any CPU
		{3661069E-0ADF-4D09-9466-75310B6EC548}.Release|Any CPU.Build.0 = Release|Any CPU
		{A6EB823D-4B64-46D9-AE8F-BB32AD96513B}.Debug|Any CPU.ActiveCfg = Debug|Any CPU
		{A6EB823D-4B64-46D9-AE8F-BB32AD96513B}.Debug|Any CPU.Build.0 = Debug|Any CPU
		{A6EB823D-4B64-46D9-AE8F-BB32AD96513B}.Release|Any CPU.ActiveCfg = Release|Any CPU
		{A6EB823D-4B64-46D9-AE8F-BB32AD96513B}.Release|Any CPU.Build.0 = Release|Any CPU
		{2D23E8BB-F461-4A6A-ACAF-13A6826763DB}.Debug|Any CPU.ActiveCfg = Debug|Any CPU
		{2D23E8BB-F461-4A6A-ACAF-13A6826763DB}.Debug|Any CPU.Build.0 = Debug|Any CPU
		{2D23E8BB-F461-4A6A-ACAF-13A6826763DB}.Release|Any CPU.ActiveCfg = Release|Any CPU
		{2D23E8BB-F461-4A6A-ACAF-13A6826763DB}.Release|Any CPU.Build.0 = Release|Any CPU
		{115AFE92-5486-45CF-8C68-0D7CE5DFEB2A}.Debug|Any CPU.ActiveCfg = Debug|Any CPU
		{115AFE92-5486-45CF-8C68-0D7CE5DFEB2A}.Debug|Any CPU.Build.0 = Debug|Any CPU
		{115AFE92-5486-45CF-8C68-0D7CE5DFEB2A}.Release|Any CPU.ActiveCfg = Release|Any CPU
		{115AFE92-5486-45CF-8C68-0D7CE5DFEB2A}.Release|Any CPU.Build.0 = Release|Any CPU
		{53F2C435-E84A-4C16-9F6E-2D72A990C2BF}.Debug|Any CPU.ActiveCfg = Debug|Any CPU
		{53F2C435-E84A-4C16-9F6E-2D72A990C2BF}.Debug|Any CPU.Build.0 = Debug|Any CPU
		{53F2C435-E84A-4C16-9F6E-2D72A990C2BF}.Release|Any CPU.ActiveCfg = Release|Any CPU
		{53F2C435-E84A-4C16-9F6E-2D72A990C2BF}.Release|Any CPU.Build.0 = Release|Any CPU
	EndGlobalSection
	GlobalSection(SolutionProperties) = preSolution
		HideSolutionNode = FALSE
	EndGlobalSection
	GlobalSection(NestedProjects) = preSolution
		{C255F5A8-F1B0-4550-B8F2-BDD9ECB65399} = {04E2A8C4-E96D-4138-AE6D-A65338D5EF87}
		{385875F2-CB8D-4061-A54F-0923E4E98230} = {C255F5A8-F1B0-4550-B8F2-BDD9ECB65399}
		{D516F1E4-B4DC-407D-89B3-34142BDC0828} = {0B26D74C-9F96-4C01-BDD4-0808AF4B6C33}
		{D1097549-F8EC-4A02-84D4-0A9ACA9E4015} = {04E2A8C4-E96D-4138-AE6D-A65338D5EF87}
		{0130C3DC-1E81-45E7-823D-C8D450CF82F9} = {D1097549-F8EC-4A02-84D4-0A9ACA9E4015}
		{F11172F7-184C-4EAF-BF29-BF94D2CBE022} = {04E2A8C4-E96D-4138-AE6D-A65338D5EF87}
		{2A2E3FCE-BC06-4CF0-B200-75EA1DCE50FF} = {F11172F7-184C-4EAF-BF29-BF94D2CBE022}
		{0DA07791-74EB-446B-BECC-775135D331D1} = {04E2A8C4-E96D-4138-AE6D-A65338D5EF87}
		{36E7AA1B-9603-4968-8B35-41BB9A22D445} = {0DA07791-74EB-446B-BECC-775135D331D1}
		{3661069E-0ADF-4D09-9466-75310B6EC548} = {0DA07791-74EB-446B-BECC-775135D331D1}
		{A6EB823D-4B64-46D9-AE8F-BB32AD96513B} = {0DA07791-74EB-446B-BECC-775135D331D1}
		{2D23E8BB-F461-4A6A-ACAF-13A6826763DB} = {0DA07791-74EB-446B-BECC-775135D331D1}
		{115AFE92-5486-45CF-8C68-0D7CE5DFEB2A} = {0B26D74C-9F96-4C01-BDD4-0808AF4B6C33}
		{53F2C435-E84A-4C16-9F6E-2D72A990C2BF} = {39A4131E-F6D2-4DBA-A815-E10BEA4CB66D}
	EndGlobalSection
	GlobalSection(ExtensibilityGlobals) = postSolution
		SolutionGuid = {A414225F-8315-4490-907B-4E9311C19D56}
	EndGlobalSection
EndGlobal
